
Microsoft Visual Studio Solution File, Format Version 12.00
Project("{FAE04EC0-301F-11D3-BF4B-00C04F79EFBC}") = "TodoList", "TodoList.csproj", "{EFAE6B31-3F01-4540-BD72-7D81E415D057}"
EndProject
Global
	GlobalSection(SolutionConfigurationPlatforms) = preSolution
		Debug|Any CPU = Debug|Any CPU
		Release|Any CPU = Release|Any CPU
	EndGlobalSection
	GlobalSection(ProjectConfigurationPlatforms) = postSolution
		{EFAE6B31-3F01-4540-BD72-7D81E415D057}.Debug|Any CPU.ActiveCfg = Debug|Any CPU
		{EFAE6B31-3F01-4540-BD72-7D81E415D057}.Debug|Any CPU.Build.0 = Debug|Any CPU
		{EFAE6B31-3F01-4540-BD72-7D81E415D057}.Release|Any CPU.ActiveCfg = Release|Any CPU
		{EFAE6B31-3F01-4540-BD72-7D81E415D057}.Release|Any CPU.Build.0 = Release|Any CPU
	EndGlobalSection
EndGlobal
